
Microsoft Visual Studio Solution File, Format Version 12.00
# Visual Studio Version 17
VisualStudioVersion = 17.0.31903.59
MinimumVisualStudioVersion = 10.0.40219.1
Project("{2150E333-8FDC-42A3-9474-1A3956D46DE8}") = "ShopManagement", "ShopManagement", "{99D72A3A-4B4F-42BA-8A08-17E8617CF678}"
EndProject
Project("{2150E333-8FDC-42A3-9474-1A3956D46DE8}") = "SM.Domain", "SM.Domain", "{F3C4F5F7-8CFC-4824-9A96-656E3F15E968}"
EndProject
Project("{9A19103F-16F7-4668-BE54-9A1E7A4F7556}") = "ShopManagement.Domain", "ShopManagement.Domain\ShopManagement.Domain.csproj", "{05A587F2-1225-4F93-AF17-3F532C17CE90}"
EndProject
Project("{9A19103F-16F7-4668-BE54-9A1E7A4F7556}") = "0_Framework", "0_Framework\0_Framework.csproj", "{4AFC4814-3945-4B47-961A-34C380BCCC98}"
EndProject
Project("{2150E333-8FDC-42A3-9474-1A3956D46DE8}") = "SM.Application", "SM.Application", "{343D1899-B43D-43D6-9B67-D219830E4AF9}"
EndProject
Project("{9A19103F-16F7-4668-BE54-9A1E7A4F7556}") = "ShopManagement.Application.Contracts", "ShopManagement.Application.Contracts\ShopManagement.Application.Contracts.csproj", "{40831379-6114-4DA5-8773-7FC75A91D258}"
EndProject
Project("{9A19103F-16F7-4668-BE54-9A1E7A4F7556}") = "ShopManagement.Application", "ShopManagement.Application\ShopManagement.Application.csproj", "{5FB15024-78E4-42E2-B926-DE2067A9D97A}"
EndProject
Project("{2150E333-8FDC-42A3-9474-1A3956D46DE8}") = "SM.Infrastructure", "SM.Infrastructure", "{7F0D0EB1-A438-48A8-8D7A-BB6F2031FDE0}"
EndProject
Project("{9A19103F-16F7-4668-BE54-9A1E7A4F7556}") = "ShopManagement.Infrastructure.EFCore", "ShopManagement.Infrastructure.EFCore\ShopManagement.Infrastructure.EFCore.csproj", "{1DE79E71-BAC3-4C48-B59C-125B6188BAF8}"
EndProject
Project("{9A19103F-16F7-4668-BE54-9A1E7A4F7556}") = "ServiceHost", "ServiceHost\ServiceHost.csproj", "{679617C4-65C3-4138-8A69-D772A23BA454}"
EndProject
Project("{9A19103F-16F7-4668-BE54-9A1E7A4F7556}") = "ShopManagement.Configuration", "ShopManagement.Configuration\ShopManagement.Configuration.csproj", "{8E615D0C-B7AB-41AD-998D-7789FB09DF46}"
EndProject
Global
	GlobalSection(SolutionConfigurationPlatforms) = preSolution
		Debug|Any CPU = Debug|Any CPU
		Release|Any CPU = Release|Any CPU
	EndGlobalSection
	GlobalSection(ProjectConfigurationPlatforms) = postSolution
		{05A587F2-1225-4F93-AF17-3F532C17CE90}.Debug|Any CPU.ActiveCfg = Debug|Any CPU
		{05A587F2-1225-4F93-AF17-3F532C17CE90}.Debug|Any CPU.Build.0 = Debug|Any CPU
		{05A587F2-1225-4F93-AF17-3F532C17CE90}.Release|Any CPU.ActiveCfg = Release|Any CPU
		{05A587F2-1225-4F93-AF17-3F532C17CE90}.Release|Any CPU.Build.0 = Release|Any CPU
		{4AFC4814-3945-4B47-961A-34C380BCCC98}.Debug|Any CPU.ActiveCfg = Debug|Any CPU
		{4AFC4814-3945-4B47-961A-34C380BCCC98}.Debug|Any CPU.Build.0 = Debug|Any CPU
		{4AFC4814-3945-4B47-961A-34C380BCCC98}.Release|Any CPU.ActiveCfg = Release|Any CPU
		{4AFC4814-3945-4B47-961A-34C380BCCC98}.Release|Any CPU.Build.0 = Release|Any CPU
		{40831379-6114-4DA5-8773-7FC75A91D258}.Debug|Any CPU.ActiveCfg = Debug|Any CPU
		{40831379-6114-4DA5-8773-7FC75A91D258}.Debug|Any CPU.Build.0 = Debug|Any CPU
		{40831379-6114-4DA5-8773-7FC75A91D258}.Release|Any CPU.ActiveCfg = Release|Any CPU
		{40831379-6114-4DA5-8773-7FC75A91D258}.Release|Any CPU.Build.0 = Release|Any CPU
		{5FB15024-78E4-42E2-B926-DE2067A9D97A}.Debug|Any CPU.ActiveCfg = Debug|Any CPU
		{5FB15024-78E4-42E2-B926-DE2067A9D97A}.Debug|Any CPU.Build.0 = Debug|Any CPU
		{5FB15024-78E4-42E2-B926-DE2067A9D97A}.Release|Any CPU.ActiveCfg = Release|Any CPU
		{5FB15024-78E4-42E2-B926-DE2067A9D97A}.Release|Any CPU.Build.0 = Release|Any CPU
		{1DE79E71-BAC3-4C48-B59C-125B6188BAF8}.Debug|Any CPU.ActiveCfg = Debug|Any CPU
		{1DE79E71-BAC3-4C48-B59C-125B6188BAF8}.Debug|Any CPU.Build.0 = Debug|Any CPU
		{1DE79E71-BAC3-4C48-B59C-125B6188BAF8}.Release|Any CPU.ActiveCfg = Release|Any CPU
		{1DE79E71-BAC3-4C48-B59C-125B6188BAF8}.Release|Any CPU.Build.0 = Release|Any CPU
		{679617C4-65C3-4138-8A69-D772A23BA454}.Debug|Any CPU.ActiveCfg = Debug|Any CPU
		{679617C4-65C3-4138-8A69-D772A23BA454}.Debug|Any CPU.Build.0 = Debug|Any CPU
		{679617C4-65C3-4138-8A69-D772A23BA454}.Release|Any CPU.ActiveCfg = Release|Any CPU
		{679617C4-65C3-4138-8A69-D772A23BA454}.Release|Any CPU.Build.0 = Release|Any CPU
		{8E615D0C-B7AB-41AD-998D-7789FB09DF46}.Debug|Any CPU.ActiveCfg = Debug|Any CPU
		{8E615D0C-B7AB-41AD-998D-7789FB09DF46}.Debug|Any CPU.Build.0 = Debug|Any CPU
		{8E615D0C-B7AB-41AD-998D-7789FB09DF46}.Release|Any CPU.ActiveCfg = Release|Any CPU
		{8E615D0C-B7AB-41AD-998D-7789FB09DF46}.Release|Any CPU.Build.0 = Release|Any CPU
	EndGlobalSection
	GlobalSection(SolutionProperties) = preSolution
		HideSolutionNode = FALSE
	EndGlobalSection
	GlobalSection(NestedProjects) = preSolution
		{F3C4F5F7-8CFC-4824-9A96-656E3F15E968} = {99D72A3A-4B4F-42BA-8A08-17E8617CF678}
		{05A587F2-1225-4F93-AF17-3F532C17CE90} = {F3C4F5F7-8CFC-4824-9A96-656E3F15E968}
		{343D1899-B43D-43D6-9B67-D219830E4AF9} = {99D72A3A-4B4F-42BA-8A08-17E8617CF678}
		{40831379-6114-4DA5-8773-7FC75A91D258} = {343D1899-B43D-43D6-9B67-D219830E4AF9}
		{5FB15024-78E4-42E2-B926-DE2067A9D97A} = {343D1899-B43D-43D6-9B67-D219830E4AF9}
		{7F0D0EB1-A438-48A8-8D7A-BB6F2031FDE0} = {99D72A3A-4B4F-42BA-8A08-17E8617CF678}
		{1DE79E71-BAC3-4C48-B59C-125B6188BAF8} = {7F0D0EB1-A438-48A8-8D7A-BB6F2031FDE0}
		{8E615D0C-B7AB-41AD-998D-7789FB09DF46} = {7F0D0EB1-A438-48A8-8D7A-BB6F2031FDE0}
	EndGlobalSection
	GlobalSection(ExtensibilityGlobals) = postSolution
		SolutionGuid = {D4C6D7A9-1936-4075-BF0D-4A0E9E697C79}
	EndGlobalSection
EndGlobal
