
Microsoft Visual Studio Solution File, Format Version 12.00
# Visual Studio Version 17
VisualStudioVersion = 17.0.31903.59
MinimumVisualStudioVersion = 10.0.40219.1
Project("{2150E333-8FDC-42A3-9474-1A3956D46DE8}") = "ShopManagement", "ShopManagement", "{99D72A3A-4B4F-42BA-8A08-17E8617CF678}"
EndProject
Project("{2150E333-8FDC-42A3-9474-1A3956D46DE8}") = "SM.Domain", "SM.Domain", "{F3C4F5F7-8CFC-4824-9A96-656E3F15E968}"
EndProject
Project("{9A19103F-16F7-4668-BE54-9A1E7A4F7556}") = "ShopManagement.Domain", "ShopManagement.Domain\ShopManagement.Domain.csproj", "{05A587F2-1225-4F93-AF17-3F532C17CE90}"
EndProject
Project("{9A19103F-16F7-4668-BE54-9A1E7A4F7556}") = "0_Framework", "0_Framework\0_Framework.csproj", "{4AFC4814-3945-4B47-961A-34C380BCCC98}"
EndProject
Project("{2150E333-8FDC-42A3-9474-1A3956D46DE8}") = "SM.Application", "SM.Application", "{343D1899-B43D-43D6-9B67-D219830E4AF9}"
EndProject
Project("{9A19103F-16F7-4668-BE54-9A1E7A4F7556}") = "ShopManagement.Application.Contracts", "ShopManagement.Application.Contracts\ShopManagement.Application.Contracts.csproj", "{40831379-6114-4DA5-8773-7FC75A91D258}"
EndProject
Project("{9A19103F-16F7-4668-BE54-9A1E7A4F7556}") = "ShopManagement.Application", "ShopManagement.Application\ShopManagement.Application.csproj", "{5FB15024-78E4-42E2-B926-DE2067A9D97A}"
EndProject
Project("{2150E333-8FDC-42A3-9474-1A3956D46DE8}") = "SM.Infrastructure", "SM.Infrastructure", "{7F0D0EB1-A438-48A8-8D7A-BB6F2031FDE0}"
EndProject
Project("{9A19103F-16F7-4668-BE54-9A1E7A4F7556}") = "ShopManagement.Infrastructure.EFCore", "ShopManagement.Infrastructure.EFCore\ShopManagement.Infrastructure.EFCore.csproj", "{1DE79E71-BAC3-4C48-B59C-125B6188BAF8}"
EndProject
Project("{9A19103F-16F7-4668-BE54-9A1E7A4F7556}") = "ServiceHost", "ServiceHost\ServiceHost.csproj", "{679617C4-65C3-4138-8A69-D772A23BA454}"
EndProject
Project("{9A19103F-16F7-4668-BE54-9A1E7A4F7556}") = "ShopManagement.Configuration", "ShopManagement.Configuration\ShopManagement.Configuration.csproj", "{8E615D0C-B7AB-41AD-998D-7789FB09DF46}"
EndProject
Project("{9A19103F-16F7-4668-BE54-9A1E7A4F7556}") = "01_BookStoreQuery", "01_BookStoreQuery\01_BookStoreQuery.csproj", "{A56B0029-328D-43C2-B663-AE44E79C92B9}"
EndProject
Project("{2150E333-8FDC-42A3-9474-1A3956D46DE8}") = "DiscountManagement", "DiscountManagement", "{78F3CB96-ABB0-448D-9C64-432744A1351A}"
EndProject
Project("{2150E333-8FDC-42A3-9474-1A3956D46DE8}") = "DM.Domain", "DM.Domain", "{1A2AA3AE-4A28-4A4F-A22C-92A59F3E1D6C}"
EndProject
Project("{9A19103F-16F7-4668-BE54-9A1E7A4F7556}") = "DiscountManagement.Domain", "DiscountManagement.Domain\DiscountManagement.Domain.csproj", "{D67FA042-18D1-4672-B3E3-1215F4E5428E}"
EndProject
Project("{2150E333-8FDC-42A3-9474-1A3956D46DE8}") = "DM.Application", "DM.Application", "{167EB583-C95D-4EC9-B076-CF246417F3C3}"
EndProject
Project("{9A19103F-16F7-4668-BE54-9A1E7A4F7556}") = "DiscountManagement.Application.Contract", "DiscountManagement.Application.Contract\DiscountManagement.Application.Contract.csproj", "{DB0E21A4-7FDD-4778-A225-93A91761BE27}"
EndProject
Project("{9A19103F-16F7-4668-BE54-9A1E7A4F7556}") = "DiscountManagement.Application", "DiscountManagement.Application\DiscountManagement.Application.csproj", "{25EFD95A-E413-4BB5-9841-C5BB1305F760}"
EndProject
Project("{2150E333-8FDC-42A3-9474-1A3956D46DE8}") = "DM.Infrastructure", "DM.Infrastructure", "{035D8FDF-3780-4EF7-A1E1-1470B4A31FA7}"
EndProject
Project("{9A19103F-16F7-4668-BE54-9A1E7A4F7556}") = "DiscountManagement.Infrastructure.EFCore", "DiscountManagement.Infrastructure.EFCore\DiscountManagement.Infrastructure.EFCore.csproj", "{F5D30FAC-8290-4261-872C-F8C712280689}"
EndProject
Project("{9A19103F-16F7-4668-BE54-9A1E7A4F7556}") = "DiscountManagement.Configuration", "DiscountManagement.Configuration\DiscountManagement.Configuration.csproj", "{FACE30F3-6729-484D-BB14-1273013605FC}"
EndProject
Project("{2150E333-8FDC-42A3-9474-1A3956D46DE8}") = "InventoryManagement", "InventoryManagement", "{6DBD8BCE-5866-40BC-A2D0-AEBD90B163CF}"
EndProject
Project("{2150E333-8FDC-42A3-9474-1A3956D46DE8}") = "IM.Domain", "IM.Domain", "{5E0BCD90-576D-4BC2-90FF-D132E31CAC58}"
EndProject
Project("{9A19103F-16F7-4668-BE54-9A1E7A4F7556}") = "InventoryManagement.Domain", "InventoryManagement.Domain\InventoryManagement.Domain.csproj", "{0AB8D5E1-42C2-4E1E-84AA-CCCA45A53950}"
EndProject
Project("{2150E333-8FDC-42A3-9474-1A3956D46DE8}") = "IM.Application", "IM.Application", "{E04AAD97-7EDD-4EA1-8157-7BEE621F214D}"
EndProject
Project("{9A19103F-16F7-4668-BE54-9A1E7A4F7556}") = "InventoryManagement.Application.Contract", "InventoryManagement.Application.Contract\InventoryManagement.Application.Contract.csproj", "{BAF632D1-C93B-45E7-BF2E-A948DC372AEA}"
EndProject
Project("{2150E333-8FDC-42A3-9474-1A3956D46DE8}") = "IM.Infrastructure", "IM.Infrastructure", "{8820AD40-2C34-4044-84DD-09C7B467B6B3}"
EndProject
Project("{9A19103F-16F7-4668-BE54-9A1E7A4F7556}") = "InventoryManagement.Infrastructure.EFCore", "InventoryManagement.Infrastructure.EFCore\InventoryManagement.Infrastructure.EFCore.csproj", "{7752F5D8-4481-45DC-8695-756D402A6791}"
EndProject
Project("{9A19103F-16F7-4668-BE54-9A1E7A4F7556}") = "InventoryManagement.Infrastructure.Configuration", "InventoryManagement.Infrastructure.Configuration\InventoryManagement.Infrastructure.Configuration.csproj", "{B58F5E3B-CBEF-4E09-B9E7-090A74272135}"
EndProject
Project("{9A19103F-16F7-4668-BE54-9A1E7A4F7556}") = "InventoryManagement.Application", "InventoryManagement.Application\InventoryManagement.Application.csproj", "{A250EAFC-6F1F-4C31-A471-4C572AD447C8}"
EndProject
Project("{2150E333-8FDC-42A3-9474-1A3956D46DE8}") = "BlogManagement", "BlogManagement", "{36BD3C0D-A001-4CDD-9FE7-2538B15861CC}"
EndProject
Project("{2150E333-8FDC-42A3-9474-1A3956D46DE8}") = "BM.Domain", "BM.Domain", "{F2F08D50-E2B6-42BA-B3E4-4EFC69E8C7B3}"
EndProject
Project("{9A19103F-16F7-4668-BE54-9A1E7A4F7556}") = "BlogManagement.Domain", "BlogManagement.Domain\BlogManagement.Domain.csproj", "{78B15A86-BC68-4913-84AB-610B24D088C4}"
EndProject
Project("{2150E333-8FDC-42A3-9474-1A3956D46DE8}") = "BM.Application", "BM.Application", "{0035EA0C-6D1A-448B-83FA-0D853F9FFE7E}"
EndProject
Project("{9A19103F-16F7-4668-BE54-9A1E7A4F7556}") = "BlogManagement.Application.Contracts", "BlogManagement.Application.Contracts\BlogManagement.Application.Contracts.csproj", "{F14DFD04-4665-4C92-A180-5C64B55E9639}"
EndProject
Project("{9A19103F-16F7-4668-BE54-9A1E7A4F7556}") = "BlogManagement.Application", "BlogManagement.Application\BlogManagement.Application.csproj", "{1084E0B7-5093-4297-AB41-177FF91B0392}"
EndProject
Project("{2150E333-8FDC-42A3-9474-1A3956D46DE8}") = "BM.Infrastructure", "BM.Infrastructure", "{CBEDA6F9-3816-4BF1-8DD4-A166A7D303E5}"
EndProject
Project("{9A19103F-16F7-4668-BE54-9A1E7A4F7556}") = "BlogManagement.Infrastructure.EFCore", "BlogManagement.Infrastructure.EFCore\BlogManagement.Infrastructure.EFCore.csproj", "{7E3845D7-474D-450D-9428-48C2E5B556A2}"
EndProject
Project("{9A19103F-16F7-4668-BE54-9A1E7A4F7556}") = "BlogManagement.Infrastructure.Configuration", "BlogManagement.Infrastructure.Configuration\BlogManagement.Infrastructure.Configuration.csproj", "{0E1E5A70-65E4-4954-8B37-92CFF88B48BD}"
EndProject
Project("{2150E333-8FDC-42A3-9474-1A3956D46DE8}") = "CommentManagement", "CommentManagement", "{DD5F35C3-EAB1-493B-B11D-9AE94874FC52}"
EndProject
Project("{2150E333-8FDC-42A3-9474-1A3956D46DE8}") = "CM.Domain", "CM.Domain", "{9F63FB5C-70E6-43D3-A25A-F4DB6A34DFAD}"
EndProject
Project("{9A19103F-16F7-4668-BE54-9A1E7A4F7556}") = "CommentManagement.Domain", "CommentManagement.Domain\CommentManagement.Domain.csproj", "{BDFEFDCB-1191-4ECC-B05E-951D6800F8A9}"
EndProject
Project("{2150E333-8FDC-42A3-9474-1A3956D46DE8}") = "CM.Application", "CM.Application", "{B5B78ADB-6BA0-4900-992D-7E176E594248}"
EndProject
Project("{9A19103F-16F7-4668-BE54-9A1E7A4F7556}") = "CommentManagement.Application.Contracts", "CommentManagement.Application.Contracts\CommentManagement.Application.Contracts.csproj", "{421B237F-72EE-4E5E-AF8A-A430FDBCC387}"
EndProject
Project("{9A19103F-16F7-4668-BE54-9A1E7A4F7556}") = "CommentManagement.Application", "CommentManagement.Application\CommentManagement.Application.csproj", "{B10E8440-F7D5-47CF-A89F-381926063769}"
EndProject
Project("{2150E333-8FDC-42A3-9474-1A3956D46DE8}") = "CM.Infrastructure", "CM.Infrastructure", "{56EA1872-2B6F-49B3-97FD-A82DFD9F1D70}"
EndProject
Project("{9A19103F-16F7-4668-BE54-9A1E7A4F7556}") = "CommentManagement.Infrastructure.EFCore", "CommentManagement.Infrastructure.EFCore\CommentManagement.Infrastructure.EFCore.csproj", "{32E99E86-6C19-485F-A6F0-B57F9A7D1FA7}"
EndProject
Project("{9A19103F-16F7-4668-BE54-9A1E7A4F7556}") = "CommentManagement.Configuration", "CommentManagement.Configuration\CommentManagement.Configuration.csproj", "{972CDB36-A6B9-4920-872F-DF6502E8A028}"
EndProject
Project("{2150E333-8FDC-42A3-9474-1A3956D46DE8}") = "AccountManagement", "AccountManagement", "{084FE7C1-E5AE-4F4E-A569-52D4D1E51277}"
EndProject
Project("{2150E333-8FDC-42A3-9474-1A3956D46DE8}") = "AM.Domain", "AM.Domain", "{48D87F7F-C0F7-44FF-A65E-47300BAF80CC}"
EndProject
Project("{9A19103F-16F7-4668-BE54-9A1E7A4F7556}") = "AccountManagement.Domain", "AccountManagement.Domain\AccountManagement.Domain.csproj", "{CEF9369A-BCDD-4A14-924B-9C4B0ED64842}"
EndProject
Project("{2150E333-8FDC-42A3-9474-1A3956D46DE8}") = "AM.Application", "AM.Application", "{26F03A69-FD23-40F4-B751-660F78AF856A}"
EndProject
Project("{9A19103F-16F7-4668-BE54-9A1E7A4F7556}") = "AcountManagement.Application.Contracts", "AcountManagement.Application.Contracts\AcountManagement.Application.Contracts.csproj", "{1A154893-D978-4EC2-B71A-1C23EDF1069B}"
EndProject
Project("{2150E333-8FDC-42A3-9474-1A3956D46DE8}") = "AM.Infrastructure", "AM.Infrastructure", "{E8B51BBC-6561-4043-A517-E4EF339BDB10}"
EndProject
Project("{9A19103F-16F7-4668-BE54-9A1E7A4F7556}") = "AccountManagement.Infrastructure.EFCore", "AccountManagement.Infrastructure.EFCore\AccountManagement.Infrastructure.EFCore.csproj", "{AF558E17-CE85-4E78-9479-742DEDD6017B}"
EndProject
Project("{9A19103F-16F7-4668-BE54-9A1E7A4F7556}") = "AccountManagement.Application", "AccountManagement.Application\AccountManagement.Application.csproj", "{63F0D706-F05E-43DF-A0BB-C39EF4E07E8A}"
EndProject
Project("{9A19103F-16F7-4668-BE54-9A1E7A4F7556}") = "AccountManagement.Configuration", "AccountManagement.Configuration\AccountManagement.Configuration.csproj", "{7B932B76-5F25-42E5-8DE0-FDAAC2D196CC}"
EndProject
Project("{9A19103F-16F7-4668-BE54-9A1E7A4F7556}") = "ShopManagement.Infrastructure.InventoryAcl", "ShopManagement.Infrastructure.InventoryAcl\ShopManagement.Infrastructure.InventoryAcl.csproj", "{DCED44B3-B1FE-4A15-9A49-6ED00800011D}"
EndProject
Project("{2150E333-8FDC-42A3-9474-1A3956D46DE8}") = "IM.Presentation", "IM.Presentation", "{DF1A5857-1F02-48C7-BC8E-BAC8302D4856}"
EndProject
Project("{9A19103F-16F7-4668-BE54-9A1E7A4F7556}") = "InventoryManagement.Presentation.Api", "InventoryManagement.Presentation.Api\InventoryManagement.Presentation.Api.csproj", "{1A1575E6-552A-4FDC-BEE6-1FAA535C7ACA}"
EndProject
Global
	GlobalSection(SolutionConfigurationPlatforms) = preSolution
		Debug|Any CPU = Debug|Any CPU
		Release|Any CPU = Release|Any CPU
	EndGlobalSection
	GlobalSection(ProjectConfigurationPlatforms) = postSolution
		{05A587F2-1225-4F93-AF17-3F532C17CE90}.Debug|Any CPU.ActiveCfg = Debug|Any CPU
		{05A587F2-1225-4F93-AF17-3F532C17CE90}.Debug|Any CPU.Build.0 = Debug|Any CPU
		{05A587F2-1225-4F93-AF17-3F532C17CE90}.Release|Any CPU.ActiveCfg = Release|Any CPU
		{05A587F2-1225-4F93-AF17-3F532C17CE90}.Release|Any CPU.Build.0 = Release|Any CPU
		{4AFC4814-3945-4B47-961A-34C380BCCC98}.Debug|Any CPU.ActiveCfg = Debug|Any CPU
		{4AFC4814-3945-4B47-961A-34C380BCCC98}.Debug|Any CPU.Build.0 = Debug|Any CPU
		{4AFC4814-3945-4B47-961A-34C380BCCC98}.Release|Any CPU.ActiveCfg = Release|Any CPU
		{4AFC4814-3945-4B47-961A-34C380BCCC98}.Release|Any CPU.Build.0 = Release|Any CPU
		{40831379-6114-4DA5-8773-7FC75A91D258}.Debug|Any CPU.ActiveCfg = Debug|Any CPU
		{40831379-6114-4DA5-8773-7FC75A91D258}.Debug|Any CPU.Build.0 = Debug|Any CPU
		{40831379-6114-4DA5-8773-7FC75A91D258}.Release|Any CPU.ActiveCfg = Release|Any CPU
		{40831379-6114-4DA5-8773-7FC75A91D258}.Release|Any CPU.Build.0 = Release|Any CPU
		{5FB15024-78E4-42E2-B926-DE2067A9D97A}.Debug|Any CPU.ActiveCfg = Debug|Any CPU
		{5FB15024-78E4-42E2-B926-DE2067A9D97A}.Debug|Any CPU.Build.0 = Debug|Any CPU
		{5FB15024-78E4-42E2-B926-DE2067A9D97A}.Release|Any CPU.ActiveCfg = Release|Any CPU
		{5FB15024-78E4-42E2-B926-DE2067A9D97A}.Release|Any CPU.Build.0 = Release|Any CPU
		{1DE79E71-BAC3-4C48-B59C-125B6188BAF8}.Debug|Any CPU.ActiveCfg = Debug|Any CPU
		{1DE79E71-BAC3-4C48-B59C-125B6188BAF8}.Debug|Any CPU.Build.0 = Debug|Any CPU
		{1DE79E71-BAC3-4C48-B59C-125B6188BAF8}.Release|Any CPU.ActiveCfg = Release|Any CPU
		{1DE79E71-BAC3-4C48-B59C-125B6188BAF8}.Release|Any CPU.Build.0 = Release|Any CPU
		{679617C4-65C3-4138-8A69-D772A23BA454}.Debug|Any CPU.ActiveCfg = Debug|Any CPU
		{679617C4-65C3-4138-8A69-D772A23BA454}.Debug|Any CPU.Build.0 = Debug|Any CPU
		{679617C4-65C3-4138-8A69-D772A23BA454}.Release|Any CPU.ActiveCfg = Release|Any CPU
		{679617C4-65C3-4138-8A69-D772A23BA454}.Release|Any CPU.Build.0 = Release|Any CPU
		{8E615D0C-B7AB-41AD-998D-7789FB09DF46}.Debug|Any CPU.ActiveCfg = Debug|Any CPU
		{8E615D0C-B7AB-41AD-998D-7789FB09DF46}.Debug|Any CPU.Build.0 = Debug|Any CPU
		{8E615D0C-B7AB-41AD-998D-7789FB09DF46}.Release|Any CPU.ActiveCfg = Release|Any CPU
		{8E615D0C-B7AB-41AD-998D-7789FB09DF46}.Release|Any CPU.Build.0 = Release|Any CPU
		{A56B0029-328D-43C2-B663-AE44E79C92B9}.Debug|Any CPU.ActiveCfg = Debug|Any CPU
		{A56B0029-328D-43C2-B663-AE44E79C92B9}.Debug|Any CPU.Build.0 = Debug|Any CPU
		{A56B0029-328D-43C2-B663-AE44E79C92B9}.Release|Any CPU.ActiveCfg = Release|Any CPU
		{A56B0029-328D-43C2-B663-AE44E79C92B9}.Release|Any CPU.Build.0 = Release|Any CPU
		{D67FA042-18D1-4672-B3E3-1215F4E5428E}.Debug|Any CPU.ActiveCfg = Debug|Any CPU
		{D67FA042-18D1-4672-B3E3-1215F4E5428E}.Debug|Any CPU.Build.0 = Debug|Any CPU
		{D67FA042-18D1-4672-B3E3-1215F4E5428E}.Release|Any CPU.ActiveCfg = Release|Any CPU
		{D67FA042-18D1-4672-B3E3-1215F4E5428E}.Release|Any CPU.Build.0 = Release|Any CPU
		{DB0E21A4-7FDD-4778-A225-93A91761BE27}.Debug|Any CPU.ActiveCfg = Debug|Any CPU
		{DB0E21A4-7FDD-4778-A225-93A91761BE27}.Debug|Any CPU.Build.0 = Debug|Any CPU
		{DB0E21A4-7FDD-4778-A225-93A91761BE27}.Release|Any CPU.ActiveCfg = Release|Any CPU
		{DB0E21A4-7FDD-4778-A225-93A91761BE27}.Release|Any CPU.Build.0 = Release|Any CPU
		{25EFD95A-E413-4BB5-9841-C5BB1305F760}.Debug|Any CPU.ActiveCfg = Debug|Any CPU
		{25EFD95A-E413-4BB5-9841-C5BB1305F760}.Debug|Any CPU.Build.0 = Debug|Any CPU
		{25EFD95A-E413-4BB5-9841-C5BB1305F760}.Release|Any CPU.ActiveCfg = Release|Any CPU
		{25EFD95A-E413-4BB5-9841-C5BB1305F760}.Release|Any CPU.Build.0 = Release|Any CPU
		{F5D30FAC-8290-4261-872C-F8C712280689}.Debug|Any CPU.ActiveCfg = Debug|Any CPU
		{F5D30FAC-8290-4261-872C-F8C712280689}.Debug|Any CPU.Build.0 = Debug|Any CPU
		{F5D30FAC-8290-4261-872C-F8C712280689}.Release|Any CPU.ActiveCfg = Release|Any CPU
		{F5D30FAC-8290-4261-872C-F8C712280689}.Release|Any CPU.Build.0 = Release|Any CPU
		{FACE30F3-6729-484D-BB14-1273013605FC}.Debug|Any CPU.ActiveCfg = Debug|Any CPU
		{FACE30F3-6729-484D-BB14-1273013605FC}.Debug|Any CPU.Build.0 = Debug|Any CPU
		{FACE30F3-6729-484D-BB14-1273013605FC}.Release|Any CPU.ActiveCfg = Release|Any CPU
		{FACE30F3-6729-484D-BB14-1273013605FC}.Release|Any CPU.Build.0 = Release|Any CPU
		{0AB8D5E1-42C2-4E1E-84AA-CCCA45A53950}.Debug|Any CPU.ActiveCfg = Debug|Any CPU
		{0AB8D5E1-42C2-4E1E-84AA-CCCA45A53950}.Debug|Any CPU.Build.0 = Debug|Any CPU
		{0AB8D5E1-42C2-4E1E-84AA-CCCA45A53950}.Release|Any CPU.ActiveCfg = Release|Any CPU
		{0AB8D5E1-42C2-4E1E-84AA-CCCA45A53950}.Release|Any CPU.Build.0 = Release|Any CPU
		{BAF632D1-C93B-45E7-BF2E-A948DC372AEA}.Debug|Any CPU.ActiveCfg = Debug|Any CPU
		{BAF632D1-C93B-45E7-BF2E-A948DC372AEA}.Debug|Any CPU.Build.0 = Debug|Any CPU
		{BAF632D1-C93B-45E7-BF2E-A948DC372AEA}.Release|Any CPU.ActiveCfg = Release|Any CPU
		{BAF632D1-C93B-45E7-BF2E-A948DC372AEA}.Release|Any CPU.Build.0 = Release|Any CPU
		{7752F5D8-4481-45DC-8695-756D402A6791}.Debug|Any CPU.ActiveCfg = Debug|Any CPU
		{7752F5D8-4481-45DC-8695-756D402A6791}.Debug|Any CPU.Build.0 = Debug|Any CPU
		{7752F5D8-4481-45DC-8695-756D402A6791}.Release|Any CPU.ActiveCfg = Release|Any CPU
		{7752F5D8-4481-45DC-8695-756D402A6791}.Release|Any CPU.Build.0 = Release|Any CPU
		{B58F5E3B-CBEF-4E09-B9E7-090A74272135}.Debug|Any CPU.ActiveCfg = Debug|Any CPU
		{B58F5E3B-CBEF-4E09-B9E7-090A74272135}.Debug|Any CPU.Build.0 = Debug|Any CPU
		{B58F5E3B-CBEF-4E09-B9E7-090A74272135}.Release|Any CPU.ActiveCfg = Release|Any CPU
		{B58F5E3B-CBEF-4E09-B9E7-090A74272135}.Release|Any CPU.Build.0 = Release|Any CPU
		{A250EAFC-6F1F-4C31-A471-4C572AD447C8}.Debug|Any CPU.ActiveCfg = Debug|Any CPU
		{A250EAFC-6F1F-4C31-A471-4C572AD447C8}.Debug|Any CPU.Build.0 = Debug|Any CPU
		{A250EAFC-6F1F-4C31-A471-4C572AD447C8}.Release|Any CPU.ActiveCfg = Release|Any CPU
		{A250EAFC-6F1F-4C31-A471-4C572AD447C8}.Release|Any CPU.Build.0 = Release|Any CPU
		{78B15A86-BC68-4913-84AB-610B24D088C4}.Debug|Any CPU.ActiveCfg = Debug|Any CPU
		{78B15A86-BC68-4913-84AB-610B24D088C4}.Debug|Any CPU.Build.0 = Debug|Any CPU
		{78B15A86-BC68-4913-84AB-610B24D088C4}.Release|Any CPU.ActiveCfg = Release|Any CPU
		{78B15A86-BC68-4913-84AB-610B24D088C4}.Release|Any CPU.Build.0 = Release|Any CPU
		{F14DFD04-4665-4C92-A180-5C64B55E9639}.Debug|Any CPU.ActiveCfg = Debug|Any CPU
		{F14DFD04-4665-4C92-A180-5C64B55E9639}.Debug|Any CPU.Build.0 = Debug|Any CPU
		{F14DFD04-4665-4C92-A180-5C64B55E9639}.Release|Any CPU.ActiveCfg = Release|Any CPU
		{F14DFD04-4665-4C92-A180-5C64B55E9639}.Release|Any CPU.Build.0 = Release|Any CPU
		{1084E0B7-5093-4297-AB41-177FF91B0392}.Debug|Any CPU.ActiveCfg = Debug|Any CPU
		{1084E0B7-5093-4297-AB41-177FF91B0392}.Debug|Any CPU.Build.0 = Debug|Any CPU
		{1084E0B7-5093-4297-AB41-177FF91B0392}.Release|Any CPU.ActiveCfg = Release|Any CPU
		{1084E0B7-5093-4297-AB41-177FF91B0392}.Release|Any CPU.Build.0 = Release|Any CPU
		{7E3845D7-474D-450D-9428-48C2E5B556A2}.Debug|Any CPU.ActiveCfg = Debug|Any CPU
		{7E3845D7-474D-450D-9428-48C2E5B556A2}.Debug|Any CPU.Build.0 = Debug|Any CPU
		{7E3845D7-474D-450D-9428-48C2E5B556A2}.Release|Any CPU.ActiveCfg = Release|Any CPU
		{7E3845D7-474D-450D-9428-48C2E5B556A2}.Release|Any CPU.Build.0 = Release|Any CPU
		{0E1E5A70-65E4-4954-8B37-92CFF88B48BD}.Debug|Any CPU.ActiveCfg = Debug|Any CPU
		{0E1E5A70-65E4-4954-8B37-92CFF88B48BD}.Debug|Any CPU.Build.0 = Debug|Any CPU
		{0E1E5A70-65E4-4954-8B37-92CFF88B48BD}.Release|Any CPU.ActiveCfg = Release|Any CPU
		{0E1E5A70-65E4-4954-8B37-92CFF88B48BD}.Release|Any CPU.Build.0 = Release|Any CPU
		{BDFEFDCB-1191-4ECC-B05E-951D6800F8A9}.Debug|Any CPU.ActiveCfg = Debug|Any CPU
		{BDFEFDCB-1191-4ECC-B05E-951D6800F8A9}.Debug|Any CPU.Build.0 = Debug|Any CPU
		{BDFEFDCB-1191-4ECC-B05E-951D6800F8A9}.Release|Any CPU.ActiveCfg = Release|Any CPU
		{BDFEFDCB-1191-4ECC-B05E-951D6800F8A9}.Release|Any CPU.Build.0 = Release|Any CPU
		{421B237F-72EE-4E5E-AF8A-A430FDBCC387}.Debug|Any CPU.ActiveCfg = Debug|Any CPU
		{421B237F-72EE-4E5E-AF8A-A430FDBCC387}.Debug|Any CPU.Build.0 = Debug|Any CPU
		{421B237F-72EE-4E5E-AF8A-A430FDBCC387}.Release|Any CPU.ActiveCfg = Release|Any CPU
		{421B237F-72EE-4E5E-AF8A-A430FDBCC387}.Release|Any CPU.Build.0 = Release|Any CPU
		{B10E8440-F7D5-47CF-A89F-381926063769}.Debug|Any CPU.ActiveCfg = Debug|Any CPU
		{B10E8440-F7D5-47CF-A89F-381926063769}.Debug|Any CPU.Build.0 = Debug|Any CPU
		{B10E8440-F7D5-47CF-A89F-381926063769}.Release|Any CPU.ActiveCfg = Release|Any CPU
		{B10E8440-F7D5-47CF-A89F-381926063769}.Release|Any CPU.Build.0 = Release|Any CPU
		{32E99E86-6C19-485F-A6F0-B57F9A7D1FA7}.Debug|Any CPU.ActiveCfg = Debug|Any CPU
		{32E99E86-6C19-485F-A6F0-B57F9A7D1FA7}.Debug|Any CPU.Build.0 = Debug|Any CPU
		{32E99E86-6C19-485F-A6F0-B57F9A7D1FA7}.Release|Any CPU.ActiveCfg = Release|Any CPU
		{32E99E86-6C19-485F-A6F0-B57F9A7D1FA7}.Release|Any CPU.Build.0 = Release|Any CPU
		{972CDB36-A6B9-4920-872F-DF6502E8A028}.Debug|Any CPU.ActiveCfg = Debug|Any CPU
		{972CDB36-A6B9-4920-872F-DF6502E8A028}.Debug|Any CPU.Build.0 = Debug|Any CPU
		{972CDB36-A6B9-4920-872F-DF6502E8A028}.Release|Any CPU.ActiveCfg = Release|Any CPU
		{972CDB36-A6B9-4920-872F-DF6502E8A028}.Release|Any CPU.Build.0 = Release|Any CPU
		{CEF9369A-BCDD-4A14-924B-9C4B0ED64842}.Debug|Any CPU.ActiveCfg = Debug|Any CPU
		{CEF9369A-BCDD-4A14-924B-9C4B0ED64842}.Debug|Any CPU.Build.0 = Debug|Any CPU
		{CEF9369A-BCDD-4A14-924B-9C4B0ED64842}.Release|Any CPU.ActiveCfg = Release|Any CPU
		{CEF9369A-BCDD-4A14-924B-9C4B0ED64842}.Release|Any CPU.Build.0 = Release|Any CPU
		{1A154893-D978-4EC2-B71A-1C23EDF1069B}.Debug|Any CPU.ActiveCfg = Debug|Any CPU
		{1A154893-D978-4EC2-B71A-1C23EDF1069B}.Debug|Any CPU.Build.0 = Debug|Any CPU
		{1A154893-D978-4EC2-B71A-1C23EDF1069B}.Release|Any CPU.ActiveCfg = Release|Any CPU
		{1A154893-D978-4EC2-B71A-1C23EDF1069B}.Release|Any CPU.Build.0 = Release|Any CPU
		{AF558E17-CE85-4E78-9479-742DEDD6017B}.Debug|Any CPU.ActiveCfg = Debug|Any CPU
		{AF558E17-CE85-4E78-9479-742DEDD6017B}.Debug|Any CPU.Build.0 = Debug|Any CPU
		{AF558E17-CE85-4E78-9479-742DEDD6017B}.Release|Any CPU.ActiveCfg = Release|Any CPU
		{AF558E17-CE85-4E78-9479-742DEDD6017B}.Release|Any CPU.Build.0 = Release|Any CPU
		{63F0D706-F05E-43DF-A0BB-C39EF4E07E8A}.Debug|Any CPU.ActiveCfg = Debug|Any CPU
		{63F0D706-F05E-43DF-A0BB-C39EF4E07E8A}.Debug|Any CPU.Build.0 = Debug|Any CPU
		{63F0D706-F05E-43DF-A0BB-C39EF4E07E8A}.Release|Any CPU.ActiveCfg = Release|Any CPU
		{63F0D706-F05E-43DF-A0BB-C39EF4E07E8A}.Release|Any CPU.Build.0 = Release|Any CPU
		{7B932B76-5F25-42E5-8DE0-FDAAC2D196CC}.Debug|Any CPU.ActiveCfg = Debug|Any CPU
		{7B932B76-5F25-42E5-8DE0-FDAAC2D196CC}.Debug|Any CPU.Build.0 = Debug|Any CPU
		{7B932B76-5F25-42E5-8DE0-FDAAC2D196CC}.Release|Any CPU.ActiveCfg = Release|Any CPU
		{7B932B76-5F25-42E5-8DE0-FDAAC2D196CC}.Release|Any CPU.Build.0 = Release|Any CPU
		{DCED44B3-B1FE-4A15-9A49-6ED00800011D}.Debug|Any CPU.ActiveCfg = Debug|Any CPU
		{DCED44B3-B1FE-4A15-9A49-6ED00800011D}.Debug|Any CPU.Build.0 = Debug|Any CPU
		{DCED44B3-B1FE-4A15-9A49-6ED00800011D}.Release|Any CPU.ActiveCfg = Release|Any CPU
		{DCED44B3-B1FE-4A15-9A49-6ED00800011D}.Release|Any CPU.Build.0 = Release|Any CPU
		{1A1575E6-552A-4FDC-BEE6-1FAA535C7ACA}.Debug|Any CPU.ActiveCfg = Debug|Any CPU
		{1A1575E6-552A-4FDC-BEE6-1FAA535C7ACA}.Debug|Any CPU.Build.0 = Debug|Any CPU
		{1A1575E6-552A-4FDC-BEE6-1FAA535C7ACA}.Release|Any CPU.ActiveCfg = Release|Any CPU
		{1A1575E6-552A-4FDC-BEE6-1FAA535C7ACA}.Release|Any CPU.Build.0 = Release|Any CPU
	EndGlobalSection
	GlobalSection(SolutionProperties) = preSolution
		HideSolutionNode = FALSE
	EndGlobalSection
	GlobalSection(NestedProjects) = preSolution
		{F3C4F5F7-8CFC-4824-9A96-656E3F15E968} = {99D72A3A-4B4F-42BA-8A08-17E8617CF678}
		{05A587F2-1225-4F93-AF17-3F532C17CE90} = {F3C4F5F7-8CFC-4824-9A96-656E3F15E968}
		{343D1899-B43D-43D6-9B67-D219830E4AF9} = {99D72A3A-4B4F-42BA-8A08-17E8617CF678}
		{40831379-6114-4DA5-8773-7FC75A91D258} = {343D1899-B43D-43D6-9B67-D219830E4AF9}
		{5FB15024-78E4-42E2-B926-DE2067A9D97A} = {343D1899-B43D-43D6-9B67-D219830E4AF9}
		{7F0D0EB1-A438-48A8-8D7A-BB6F2031FDE0} = {99D72A3A-4B4F-42BA-8A08-17E8617CF678}
		{1DE79E71-BAC3-4C48-B59C-125B6188BAF8} = {7F0D0EB1-A438-48A8-8D7A-BB6F2031FDE0}
		{8E615D0C-B7AB-41AD-998D-7789FB09DF46} = {7F0D0EB1-A438-48A8-8D7A-BB6F2031FDE0}
		{1A2AA3AE-4A28-4A4F-A22C-92A59F3E1D6C} = {78F3CB96-ABB0-448D-9C64-432744A1351A}
		{D67FA042-18D1-4672-B3E3-1215F4E5428E} = {1A2AA3AE-4A28-4A4F-A22C-92A59F3E1D6C}
		{167EB583-C95D-4EC9-B076-CF246417F3C3} = {78F3CB96-ABB0-448D-9C64-432744A1351A}
		{DB0E21A4-7FDD-4778-A225-93A91761BE27} = {167EB583-C95D-4EC9-B076-CF246417F3C3}
		{25EFD95A-E413-4BB5-9841-C5BB1305F760} = {167EB583-C95D-4EC9-B076-CF246417F3C3}
		{035D8FDF-3780-4EF7-A1E1-1470B4A31FA7} = {78F3CB96-ABB0-448D-9C64-432744A1351A}
		{F5D30FAC-8290-4261-872C-F8C712280689} = {035D8FDF-3780-4EF7-A1E1-1470B4A31FA7}
		{FACE30F3-6729-484D-BB14-1273013605FC} = {035D8FDF-3780-4EF7-A1E1-1470B4A31FA7}
		{5E0BCD90-576D-4BC2-90FF-D132E31CAC58} = {6DBD8BCE-5866-40BC-A2D0-AEBD90B163CF}
		{0AB8D5E1-42C2-4E1E-84AA-CCCA45A53950} = {5E0BCD90-576D-4BC2-90FF-D132E31CAC58}
		{E04AAD97-7EDD-4EA1-8157-7BEE621F214D} = {6DBD8BCE-5866-40BC-A2D0-AEBD90B163CF}
		{BAF632D1-C93B-45E7-BF2E-A948DC372AEA} = {E04AAD97-7EDD-4EA1-8157-7BEE621F214D}
		{8820AD40-2C34-4044-84DD-09C7B467B6B3} = {6DBD8BCE-5866-40BC-A2D0-AEBD90B163CF}
		{7752F5D8-4481-45DC-8695-756D402A6791} = {8820AD40-2C34-4044-84DD-09C7B467B6B3}
		{B58F5E3B-CBEF-4E09-B9E7-090A74272135} = {8820AD40-2C34-4044-84DD-09C7B467B6B3}
		{A250EAFC-6F1F-4C31-A471-4C572AD447C8} = {E04AAD97-7EDD-4EA1-8157-7BEE621F214D}
		{F2F08D50-E2B6-42BA-B3E4-4EFC69E8C7B3} = {36BD3C0D-A001-4CDD-9FE7-2538B15861CC}
		{78B15A86-BC68-4913-84AB-610B24D088C4} = {F2F08D50-E2B6-42BA-B3E4-4EFC69E8C7B3}
		{0035EA0C-6D1A-448B-83FA-0D853F9FFE7E} = {36BD3C0D-A001-4CDD-9FE7-2538B15861CC}
		{F14DFD04-4665-4C92-A180-5C64B55E9639} = {0035EA0C-6D1A-448B-83FA-0D853F9FFE7E}
		{1084E0B7-5093-4297-AB41-177FF91B0392} = {0035EA0C-6D1A-448B-83FA-0D853F9FFE7E}
		{CBEDA6F9-3816-4BF1-8DD4-A166A7D303E5} = {36BD3C0D-A001-4CDD-9FE7-2538B15861CC}
		{7E3845D7-474D-450D-9428-48C2E5B556A2} = {CBEDA6F9-3816-4BF1-8DD4-A166A7D303E5}
		{0E1E5A70-65E4-4954-8B37-92CFF88B48BD} = {CBEDA6F9-3816-4BF1-8DD4-A166A7D303E5}
		{9F63FB5C-70E6-43D3-A25A-F4DB6A34DFAD} = {DD5F35C3-EAB1-493B-B11D-9AE94874FC52}
		{BDFEFDCB-1191-4ECC-B05E-951D6800F8A9} = {9F63FB5C-70E6-43D3-A25A-F4DB6A34DFAD}
		{B5B78ADB-6BA0-4900-992D-7E176E594248} = {DD5F35C3-EAB1-493B-B11D-9AE94874FC52}
		{421B237F-72EE-4E5E-AF8A-A430FDBCC387} = {B5B78ADB-6BA0-4900-992D-7E176E594248}
		{B10E8440-F7D5-47CF-A89F-381926063769} = {B5B78ADB-6BA0-4900-992D-7E176E594248}
		{56EA1872-2B6F-49B3-97FD-A82DFD9F1D70} = {DD5F35C3-EAB1-493B-B11D-9AE94874FC52}
		{32E99E86-6C19-485F-A6F0-B57F9A7D1FA7} = {56EA1872-2B6F-49B3-97FD-A82DFD9F1D70}
		{972CDB36-A6B9-4920-872F-DF6502E8A028} = {56EA1872-2B6F-49B3-97FD-A82DFD9F1D70}
		{48D87F7F-C0F7-44FF-A65E-47300BAF80CC} = {084FE7C1-E5AE-4F4E-A569-52D4D1E51277}
		{CEF9369A-BCDD-4A14-924B-9C4B0ED64842} = {48D87F7F-C0F7-44FF-A65E-47300BAF80CC}
		{26F03A69-FD23-40F4-B751-660F78AF856A} = {084FE7C1-E5AE-4F4E-A569-52D4D1E51277}
		{1A154893-D978-4EC2-B71A-1C23EDF1069B} = {26F03A69-FD23-40F4-B751-660F78AF856A}
		{E8B51BBC-6561-4043-A517-E4EF339BDB10} = {084FE7C1-E5AE-4F4E-A569-52D4D1E51277}
		{AF558E17-CE85-4E78-9479-742DEDD6017B} = {E8B51BBC-6561-4043-A517-E4EF339BDB10}
		{63F0D706-F05E-43DF-A0BB-C39EF4E07E8A} = {26F03A69-FD23-40F4-B751-660F78AF856A}
		{7B932B76-5F25-42E5-8DE0-FDAAC2D196CC} = {E8B51BBC-6561-4043-A517-E4EF339BDB10}
		{DCED44B3-B1FE-4A15-9A49-6ED00800011D} = {7F0D0EB1-A438-48A8-8D7A-BB6F2031FDE0}
		{DF1A5857-1F02-48C7-BC8E-BAC8302D4856} = {6DBD8BCE-5866-40BC-A2D0-AEBD90B163CF}
		{1A1575E6-552A-4FDC-BEE6-1FAA535C7ACA} = {DF1A5857-1F02-48C7-BC8E-BAC8302D4856}
	EndGlobalSection
	GlobalSection(ExtensibilityGlobals) = postSolution
		SolutionGuid = {D4C6D7A9-1936-4075-BF0D-4A0E9E697C79}
	EndGlobalSection
EndGlobal
